
Microsoft Visual Studio Solution File, Format Version 12.00
# Visual Studio Version 17
VisualStudioVersion = 17.8.34408.163
MinimumVisualStudioVersion = 10.0.40219.1
Project("{FAE04EC0-301F-11D3-BF4B-00C04F79EFBC}") = "FlightReservationProject", "FlightReservationProject\FlightReservationProject.csproj", "{362B7D05-8A6F-43B2-9513-814E17ABC8C1}"
EndProject
Global
	GlobalSection(SolutionConfigurationPlatforms) = preSolution
		Debug|Any CPU = Debug|Any CPU
		Release|Any CPU = Release|Any CPU
	EndGlobalSection
	GlobalSection(ProjectConfigurationPlatforms) = postSolution
		{362B7D05-8A6F-43B2-9513-814E17ABC8C1}.Debug|Any CPU.ActiveCfg = Debug|Any CPU
		{362B7D05-8A6F-43B2-9513-814E17ABC8C1}.Debug|Any CPU.Build.0 = Debug|Any CPU
		{362B7D05-8A6F-43B2-9513-814E17ABC8C1}.Release|Any CPU.ActiveCfg = Release|Any CPU
		{362B7D05-8A6F-43B2-9513-814E17ABC8C1}.Release|Any CPU.Build.0 = Release|Any CPU
	EndGlobalSection
	GlobalSection(SolutionProperties) = preSolution
		HideSolutionNode = FALSE
	EndGlobalSection
	GlobalSection(ExtensibilityGlobals) = postSolution
		SolutionGuid = {177E35D5-6F94-4685-8E33-FB93B45F3B9D}
	EndGlobalSection
EndGlobal
